
Microsoft Visual Studio Solution File, Format Version 12.00
# Visual Studio Version 16
VisualStudioVersion = 16.0.29609.76
MinimumVisualStudioVersion = 10.0.40219.1
Project("{FAE04EC0-301F-11D3-BF4B-00C04F79EFBC}") = "Lab7.1", "Lab7.1\Lab7.1.csproj", "{0A09D496-58EA-47C4-BC20-0778A83B0BF7}"
EndProject
Global
	GlobalSection(SolutionConfigurationPlatforms) = preSolution
		Debug|Any CPU = Debug|Any CPU
		Release|Any CPU = Release|Any CPU
	EndGlobalSection
	GlobalSection(ProjectConfigurationPlatforms) = postSolution
		{0A09D496-58EA-47C4-BC20-0778A83B0BF7}.Debug|Any CPU.ActiveCfg = Debug|Any CPU
		{0A09D496-58EA-47C4-BC20-0778A83B0BF7}.Debug|Any CPU.Build.0 = Debug|Any CPU
		{0A09D496-58EA-47C4-BC20-0778A83B0BF7}.Release|Any CPU.ActiveCfg = Release|Any CPU
		{0A09D496-58EA-47C4-BC20-0778A83B0BF7}.Release|Any CPU.Build.0 = Release|Any CPU
	EndGlobalSection
	GlobalSection(SolutionProperties) = preSolution
		HideSolutionNode = FALSE
	EndGlobalSection
	GlobalSection(ExtensibilityGlobals) = postSolution
		SolutionGuid = {445B2EA0-E274-458D-9DF5-73C24B82C192}
	EndGlobalSection
EndGlobal
