
Microsoft Visual Studio Solution File, Format Version 12.00
# Visual Studio Version 16
VisualStudioVersion = 16.0.29609.76
MinimumVisualStudioVersion = 10.0.40219.1
Project("{FAE04EC0-301F-11D3-BF4B-00C04F79EFBC}") = "Lab7.2", "Lab7.2\Lab7.2.csproj", "{1819EACA-F73A-4BC7-B035-9F15D54C4595}"
EndProject
Global
	GlobalSection(SolutionConfigurationPlatforms) = preSolution
		Debug|Any CPU = Debug|Any CPU
		Release|Any CPU = Release|Any CPU
	EndGlobalSection
	GlobalSection(ProjectConfigurationPlatforms) = postSolution
		{1819EACA-F73A-4BC7-B035-9F15D54C4595}.Debug|Any CPU.ActiveCfg = Debug|Any CPU
		{1819EACA-F73A-4BC7-B035-9F15D54C4595}.Debug|Any CPU.Build.0 = Debug|Any CPU
		{1819EACA-F73A-4BC7-B035-9F15D54C4595}.Release|Any CPU.ActiveCfg = Release|Any CPU
		{1819EACA-F73A-4BC7-B035-9F15D54C4595}.Release|Any CPU.Build.0 = Release|Any CPU
	EndGlobalSection
	GlobalSection(SolutionProperties) = preSolution
		HideSolutionNode = FALSE
	EndGlobalSection
	GlobalSection(ExtensibilityGlobals) = postSolution
		SolutionGuid = {89BCEF21-8412-44BE-B7FF-A33A64053297}
	EndGlobalSection
EndGlobal
